<?xml version="1.0" encoding="utf-8"?>
<Project ToolsVersion="4.0" xmlns="http://schemas.microsoft.com/developer/msbuild/2003">
  <ItemGroup>
    <ClCompile Include="Main.cpp" />
    <ClCompile Include="ParticleSystem.cpp" />
    <ClCompile Include="VectorMath.cpp" />
  </ItemGroup>
  <ItemGroup>
    <None Include="packages.config" />
  </ItemGroup>
  <ItemGroup>
    <Filter Include="Resources">
      <UniqueIdentifier>{089714d6-9b85-4de4-8316-08fe308b9953}</UniqueIdentifier>
    </Filter>
  </ItemGroup>
  <ItemGroup>
    <Image Include="Resources\output-2.png">
      <Filter>Resources</Filter>
    </Image>
    <Image Include="Resources\output-13.png">
      <Filter>Resources</Filter>
    </Image>
    <Image Include="Resources\output-51.png">
      <Filter>Resources</Filter>
    </Image>
    <Image Include="Resources\output-45.png">
      <Filter>Resources</Filter>
    </Image>
    <Image Include="Resources\output-46.png">
      <Filter>Resources</Filter>
    </Image>
    <Image Include="Resources\output-49.png">
      <Filter>Resources</Filter>
    </Image>
  </ItemGroup>
</Project>